
Microsoft Visual Studio Solution File, Format Version 12.00
# Visual Studio Version 16
VisualStudioVersion = 16.0.32002.261
MinimumVisualStudioVersion = 10.0.40219.1
Project("{FAE04EC0-301F-11D3-BF4B-00C04F79EFBC}") = "ITzza_Game", "ITzza_Game\ITzza_Game.csproj", "{87983142-FCDD-4569-A614-8C6B4ED2F86E}"
EndProject
Global
	GlobalSection(SolutionConfigurationPlatforms) = preSolution
		Debug|Any CPU = Debug|Any CPU
		Release|Any CPU = Release|Any CPU
	EndGlobalSection
	GlobalSection(ProjectConfigurationPlatforms) = postSolution
		{87983142-FCDD-4569-A614-8C6B4ED2F86E}.Debug|Any CPU.ActiveCfg = Debug|Any CPU
		{87983142-FCDD-4569-A614-8C6B4ED2F86E}.Debug|Any CPU.Build.0 = Debug|Any CPU
		{87983142-FCDD-4569-A614-8C6B4ED2F86E}.Release|Any CPU.ActiveCfg = Release|Any CPU
		{87983142-FCDD-4569-A614-8C6B4ED2F86E}.Release|Any CPU.Build.0 = Release|Any CPU
	EndGlobalSection
	GlobalSection(SolutionProperties) = preSolution
		HideSolutionNode = FALSE
	EndGlobalSection
	GlobalSection(ExtensibilityGlobals) = postSolution
		SolutionGuid = {84B9C11E-05C9-4B13-8055-46D812A5C372}
	EndGlobalSection
EndGlobal
